
Microsoft Visual Studio Solution File, Format Version 11.00
# Visual Studio 2010
Project("{FAE04EC0-301F-11D3-BF4B-00C04F79EFBC}") = "pushover_Service", "pushover_Service.csproj", "{55153AA1-5FBD-4EED-B937-89661B18F805}"
EndProject
Global
	GlobalSection(SolutionConfigurationPlatforms) = preSolution
		Debug|Any CPU = Debug|Any CPU
		Release|Any CPU = Release|Any CPU
	EndGlobalSection
	GlobalSection(ProjectConfigurationPlatforms) = postSolution
		{55153AA1-5FBD-4EED-B937-89661B18F805}.Debug|Any CPU.ActiveCfg = Debug|Any CPU
		{55153AA1-5FBD-4EED-B937-89661B18F805}.Debug|Any CPU.Build.0 = Debug|Any CPU
		{55153AA1-5FBD-4EED-B937-89661B18F805}.Release|Any CPU.ActiveCfg = Release|Any CPU
		{55153AA1-5FBD-4EED-B937-89661B18F805}.Release|Any CPU.Build.0 = Release|Any CPU
	EndGlobalSection
	GlobalSection(MonoDevelopProperties) = preSolution
		StartupItem = pushover_Service.csproj
	EndGlobalSection
EndGlobal
